
Microsoft Visual Studio Solution File, Format Version 12.00
# Visual Studio Version 17
VisualStudioVersion = 17.4.33205.214
MinimumVisualStudioVersion = 10.0.40219.1
Project("{FAE04EC0-301F-11D3-BF4B-00C04F79EFBC}") = "AppWebCRUD", "AppWebCRUD.csproj", "{2B801B2E-EC4A-4822-AACF-CE30706CACCA}"
EndProject
Project("{FAE04EC0-301F-11D3-BF4B-00C04F79EFBC}") = "AppWebCRUD.Data", "..\AppWebCRUD.Data\AppWebCRUD.Data.csproj", "{533B75EF-5AAE-4A03-9F7E-968CAD1FE52D}"
EndProject
Global
	GlobalSection(SolutionConfigurationPlatforms) = preSolution
		Debug|Any CPU = Debug|Any CPU
		Release|Any CPU = Release|Any CPU
	EndGlobalSection
	GlobalSection(ProjectConfigurationPlatforms) = postSolution
		{2B801B2E-EC4A-4822-AACF-CE30706CACCA}.Debug|Any CPU.ActiveCfg = Debug|Any CPU
		{2B801B2E-EC4A-4822-AACF-CE30706CACCA}.Debug|Any CPU.Build.0 = Debug|Any CPU
		{2B801B2E-EC4A-4822-AACF-CE30706CACCA}.Release|Any CPU.ActiveCfg = Release|Any CPU
		{2B801B2E-EC4A-4822-AACF-CE30706CACCA}.Release|Any CPU.Build.0 = Release|Any CPU
		{533B75EF-5AAE-4A03-9F7E-968CAD1FE52D}.Debug|Any CPU.ActiveCfg = Debug|Any CPU
		{533B75EF-5AAE-4A03-9F7E-968CAD1FE52D}.Debug|Any CPU.Build.0 = Debug|Any CPU
		{533B75EF-5AAE-4A03-9F7E-968CAD1FE52D}.Release|Any CPU.ActiveCfg = Release|Any CPU
		{533B75EF-5AAE-4A03-9F7E-968CAD1FE52D}.Release|Any CPU.Build.0 = Release|Any CPU
	EndGlobalSection
	GlobalSection(SolutionProperties) = preSolution
		HideSolutionNode = FALSE
	EndGlobalSection
	GlobalSection(ExtensibilityGlobals) = postSolution
		SolutionGuid = {A82F0B12-1D74-4408-A12E-AD48CA156A1E}
	EndGlobalSection
EndGlobal
